
Microsoft Visual Studio Solution File, Format Version 12.00
# Visual Studio Version 17
VisualStudioVersion = 17.7.34024.191
MinimumVisualStudioVersion = 10.0.40219.1
Project("{8BC9CEB8-8B4A-11D0-8D11-00A0C91BC942}") = "praktika4cpp", "praktika4cpp\praktika4cpp.vcxproj", "{316C0EE9-5B2F-4CA5-9D01-A40FA2F2D34D}"
EndProject
Global
	GlobalSection(SolutionConfigurationPlatforms) = preSolution
		Debug|x64 = Debug|x64
		Debug|x86 = Debug|x86
		Release|x64 = Release|x64
		Release|x86 = Release|x86
	EndGlobalSection
	GlobalSection(ProjectConfigurationPlatforms) = postSolution
		{316C0EE9-5B2F-4CA5-9D01-A40FA2F2D34D}.Debug|x64.ActiveCfg = Debug|x64
		{316C0EE9-5B2F-4CA5-9D01-A40FA2F2D34D}.Debug|x64.Build.0 = Debug|x64
		{316C0EE9-5B2F-4CA5-9D01-A40FA2F2D34D}.Debug|x86.ActiveCfg = Debug|Win32
		{316C0EE9-5B2F-4CA5-9D01-A40FA2F2D34D}.Debug|x86.Build.0 = Debug|Win32
		{316C0EE9-5B2F-4CA5-9D01-A40FA2F2D34D}.Release|x64.ActiveCfg = Release|x64
		{316C0EE9-5B2F-4CA5-9D01-A40FA2F2D34D}.Release|x64.Build.0 = Release|x64
		{316C0EE9-5B2F-4CA5-9D01-A40FA2F2D34D}.Release|x86.ActiveCfg = Release|Win32
		{316C0EE9-5B2F-4CA5-9D01-A40FA2F2D34D}.Release|x86.Build.0 = Release|Win32
	EndGlobalSection
	GlobalSection(SolutionProperties) = preSolution
		HideSolutionNode = FALSE
	EndGlobalSection
	GlobalSection(ExtensibilityGlobals) = postSolution
		SolutionGuid = {1B48809B-DE93-4E60-81FD-AB1F72FD75F4}
	EndGlobalSection
EndGlobal
